{
    "_readme": [
        "This file locks the dependencies of your project to a known state",
        "Read more about it at https://getcomposer.org/doc/01-basic-usage.md#installing-dependencies",
        "This file is @generated automatically"
    ],
    "content-hash": "6be4adf3088a361941f58b368ff0f3f1",
    "packages": [
        {
            "name": "cebe/markdown",
            "version": "1.2.1",
            "source": {
                "type": "git",
                "url": "https://github.com/cebe/markdown.git",
                "reference": "9bac5e971dd391e2802dca5400bbeacbaea9eb86"
            },
            "dist": {
                "type": "zip",
                "url": "https://api.github.com/repos/cebe/markdown/zipball/9bac5e971dd391e2802dca5400bbeacbaea9eb86",
                "reference": "9bac5e971dd391e2802dca5400bbeacbaea9eb86",
                "shasum": "",
                "mirrors": [
                    {
                        "url": "https://mirrors.aliyun.com/composer/dists/%package%/%reference%.%type%",
                        "preferred": true
                    }
                ]
            },
            "require": {
                "lib-pcre": "*",
                "php": ">=5.4.0"
            },
            "require-dev": {
                "cebe/indent": "*",
                "facebook/xhprof": "*@dev",
                "phpunit/phpunit": "4.1.*"
            },
            "bin": [
                "bin/markdown"
            ],
            "type": "library",
            "extra": {
                "branch-alias": {
                    "dev-master": "1.2.x-dev"
                }
            },
            "autoload": {
                "psr-4": {
                    "cebe\\markdown\\": ""
                }
            },
            "notification-url": "https://packagist.org/downloads/",
            "license": [
                "MIT"
            ],
            "authors": [
                {
                    "name": "Carsten Brandt",
                    "email": "mail@cebe.cc",
                    "homepage": "http://cebe.cc/",
                    "role": "Creator"
                }
            ],
            "description": "A super fast, highly extensible markdown parser for PHP",
            "homepage": "https://github.com/cebe/markdown#readme",
            "keywords": [
                "extensible",
                "fast",
                "gfm",
                "markdown",
                "markdown-extra"
            ],
            "time": "2018-03-26T11:24:36+00:00"
        },
        {
            "name": "gitonomy/gitlib",
            "version": "v1.2.3",
            "source": {
                "type": "git",
                "url": "https://github.com/gitonomy/gitlib.git",
                "reference": "d22f212b97fdb631ac73dfae65c194dc4cb0d227"
            },
            "dist": {
                "type": "zip",
                "url": "https://api.github.com/repos/gitonomy/gitlib/zipball/d22f212b97fdb631ac73dfae65c194dc4cb0d227",
                "reference": "d22f212b97fdb631ac73dfae65c194dc4cb0d227",
                "shasum": "",
                "mirrors": [
                    {
                        "url": "https://mirrors.aliyun.com/composer/dists/%package%/%reference%.%type%",
                        "preferred": true
                    }
                ]
            },
            "require": {
                "ext-pcre": "*",
                "php": "^5.6 || ^7.0 || ^8.0",
                "symfony/polyfill-mbstring": "^1.7",
                "symfony/process": "^3.4 || ^4.0 || ^5.0"
            },
            "require-dev": {
                "ext-fileinfo": "*",
                "phpunit/phpunit": "^5.7 || ^6.5 || ^7.0 || ^8.0 || ^9.0",
                "psr/log": "^1.0"
            },
            "suggest": {
                "ext-fileinfo": "Required to determine the mimetype of a blob",
                "psr/log": "Required to use loggers for reporting of execution"
            },
            "type": "library",
            "autoload": {
                "psr-4": {
                    "Gitonomy\\Git\\": "src/Gitonomy/Git/"
                }
            },
            "notification-url": "https://packagist.org/downloads/",
            "license": [
                "MIT"
            ],
            "authors": [
                {
                    "name": "Graham Campbell",
                    "email": "graham@alt-three.com"
                },
                {
                    "name": "Julien Didier",
                    "email": "genzo.wm@gmail.com"
                },
                {
                    "name": "Grégoire Pineau",
                    "email": "lyrixx@lyrixx.info"
                },
                {
                    "name": "Alexandre Salomé",
                    "email": "alexandre.salome@gmail.com"
                }
            ],
            "description": "Library for accessing git",
            "funding": [
                {
                    "url": "https://tidelift.com/funding/github/packagist/gitonomy/gitlib",
                    "type": "tidelift"
                }
            ],
            "time": "2020-12-29T16:48:45+00:00"
        },
        {
            "name": "inhere/console",
            "version": "3.x-dev",
            "source": {
                "type": "git",
                "url": "https://github.com/inhere/php-console.git",
                "reference": "5d46a87175d4411fc1d636063af9a6762116b7b9"
            },
            "dist": {
                "type": "zip",
                "url": "https://api.github.com/repos/inhere/php-console/zipball/5d46a87175d4411fc1d636063af9a6762116b7b9",
                "reference": "5d46a87175d4411fc1d636063af9a6762116b7b9",
                "shasum": "",
                "mirrors": [
                    {
                        "url": "https://mirrors.aliyun.com/composer/dists/%package%/%reference%.%type%",
                        "preferred": true
                    }
                ]
            },
            "require": {
                "php": ">7.2.0",
                "toolkit/cli-utils": "~1.0",
                "toolkit/stdlib": "~1.0",
                "toolkit/sys-utils": "~1.0"
            },
            "require-dev": {
                "phpunit/phpunit": "~9.1"
            },
            "suggest": {
                "padraic/phar-updater": "A thing to make PHAR self-updating easy and secure.",
                "symfony/process": "php process operation",
                "text/template": "Single-Class string template engine for PHP5/7 supporting if/loops/filters"
            },
            "type": "library",
            "autoload": {
                "psr-4": {
                    "Inhere\\Console\\": "src/"
                }
            },
            "notification-url": "https://packagist.org/downloads/",
            "license": [
                "MIT"
            ],
            "authors": [
                {
                    "name": "inhere",
                    "email": "in.798@qq.com",
                    "homepage": "http://www.yzone.net/"
                }
            ],
            "description": "a php console library, provide console argument parse, console controller/command run, color style, user interactive, information show.",
            "homepage": "https://github.com/inhere/php-console",
            "keywords": [
                "cli",
                "color",
                "command",
                "command-line",
                "console",
                "console-application",
                "console-color",
                "phar"
            ],
            "time": "2021-01-28T17:38:57+00:00"
        },
        {
            "name": "inhere/sroute",
            "version": "dev-master",
            "source": {
                "type": "git",
                "url": "https://github.com/inhere/php-srouter.git",
                "reference": "b95149dbbcaf96501f47396e2a45c23a7108242d"
            },
            "dist": {
                "type": "zip",
                "url": "https://api.github.com/repos/inhere/php-srouter/zipball/b95149dbbcaf96501f47396e2a45c23a7108242d",
                "reference": "b95149dbbcaf96501f47396e2a45c23a7108242d",
                "shasum": "",
                "mirrors": [
                    {
                        "url": "https://mirrors.aliyun.com/composer/dists/%package%/%reference%.%type%",
                        "preferred": true
                    }
                ]
            },
            "require": {
                "php": ">7.1.0"
            },
            "require-dev": {
                "phpunit/phpunit": "^7.5"
            },
            "suggest": {
                "inhere/simple-print-tool": "Very lightweight data printing tools"
            },
            "type": "library",
            "autoload": {
                "psr-4": {
                    "Inhere\\Route\\": "src/"
                },
                "files": [
                    "src/Helper/functions.php"
                ]
            },
            "notification-url": "https://packagist.org/downloads/",
            "license": [
                "MIT"
            ],
            "authors": [
                {
                    "name": "inhere",
                    "email": "in.798@qq.com",
                    "homepage": "http://www.yzone.net/"
                }
            ],
            "description": "a very lightweight and fasted request router.",
            "homepage": "https://github.com/inhere/php-srouter",
            "keywords": [
                "library",
                "php-router",
                "route",
                "router"
            ],
            "time": "2021-01-28T10:05:57+00:00"
        },
        {
            "name": "php-comp/http-client",
            "version": "dev-master",
            "source": {
                "type": "git",
                "url": "https://github.com/php-comp/http-client.git",
                "reference": "283617559951828622630c9cc6277fa371c349c9"
            },
            "dist": {
                "type": "zip",
                "url": "https://api.github.com/repos/php-comp/http-client/zipball/283617559951828622630c9cc6277fa371c349c9",
                "reference": "283617559951828622630c9cc6277fa371c349c9",
                "shasum": "",
                "mirrors": [
                    {
                        "url": "https://mirrors.aliyun.com/composer/dists/%package%/%reference%.%type%",
                        "preferred": true
                    }
                ]
            },
            "require": {
                "php": ">7.1.1",
                "psr/http-client": "^1.0"
            },
            "suggest": {
                "php-comp/http-message": "Very lightweight PSR-7 implements http message component"
            },
            "type": "library",
            "autoload": {
                "psr-4": {
                    "PhpComp\\Http\\Client\\": "src/"
                }
            },
            "notification-url": "https://packagist.org/downloads/",
            "license": [
                "MIT"
            ],
            "authors": [
                {
                    "name": "inhere",
                    "email": "in.798@qq.com",
                    "homepage": "http://www.yzone.net/"
                }
            ],
            "description": "an simple http client library of the php",
            "homepage": "https://github.com/php-comp/http-client",
            "keywords": [
                "curl",
                "http",
                "library",
                "tool"
            ],
            "time": "2020-06-10T13:03:55+00:00"
        },
        {
            "name": "php-comp/http-message",
            "version": "v1.4.1",
            "source": {
                "type": "git",
                "url": "https://github.com/php-comp/http-message.git",
                "reference": "0167f75e3c853049189463011ecedfc611357945"
            },
            "dist": {
                "type": "zip",
                "url": "https://api.github.com/repos/php-comp/http-message/zipball/0167f75e3c853049189463011ecedfc611357945",
                "reference": "0167f75e3c853049189463011ecedfc611357945",
                "shasum": "",
                "mirrors": [
                    {
                        "url": "https://mirrors.aliyun.com/composer/dists/%package%/%reference%.%type%",
                        "preferred": true
                    }
                ]
            },
            "require": {
                "php": ">7.1.0",
                "psr/http-message": "^1.0"
            },
            "suggest": {
                "inhere/console": "a lightweight php console application library.",
                "inhere/php-validate": "Very lightweight data validate tool"
            },
            "type": "library",
            "autoload": {
                "psr-4": {
                    "PhpComp\\Http\\Message\\": "src/"
                }
            },
            "notification-url": "https://packagist.org/downloads/",
            "license": [
                "MIT"
            ],
            "authors": [
                {
                    "name": "inhere",
                    "email": "in.798@qq.com",
                    "homepage": "http://www.yzone.net/"
                }
            ],
            "description": "http message library of the php, implement the PSR7",
            "homepage": "https://github.com/php-comp/http-message",
            "keywords": [
                "http",
                "library",
                "psr7",
                "tool"
            ],
            "time": "2019-02-04T08:21:11+00:00"
        },
        {
            "name": "psr/http-client",
            "version": "1.0.1",
            "source": {
                "type": "git",
                "url": "https://github.com/php-fig/http-client.git",
                "reference": "2dfb5f6c5eff0e91e20e913f8c5452ed95b86621"
            },
            "dist": {
                "type": "zip",
                "url": "https://api.github.com/repos/php-fig/http-client/zipball/2dfb5f6c5eff0e91e20e913f8c5452ed95b86621",
                "reference": "2dfb5f6c5eff0e91e20e913f8c5452ed95b86621",
                "shasum": "",
                "mirrors": [
                    {
                        "url": "https://mirrors.aliyun.com/composer/dists/%package%/%reference%.%type%",
                        "preferred": true
                    }
                ]
            },
            "require": {
                "php": "^7.0 || ^8.0",
                "psr/http-message": "^1.0"
            },
            "type": "library",
            "extra": {
                "branch-alias": {
                    "dev-master": "1.0.x-dev"
                }
            },
            "autoload": {
                "psr-4": {
                    "Psr\\Http\\Client\\": "src/"
                }
            },
            "notification-url": "https://packagist.org/downloads/",
            "license": [
                "MIT"
            ],
            "authors": [
                {
                    "name": "PHP-FIG",
                    "homepage": "http://www.php-fig.org/"
                }
            ],
            "description": "Common interface for HTTP clients",
            "homepage": "https://github.com/php-fig/http-client",
            "keywords": [
                "http",
                "http-client",
                "psr",
                "psr-18"
            ],
            "time": "2020-06-29T06:28:15+00:00"
        },
        {
            "name": "psr/http-message",
            "version": "1.0.1",
            "source": {
                "type": "git",
                "url": "https://github.com/php-fig/http-message.git",
                "reference": "f6561bf28d520154e4b0ec72be95418abe6d9363"
            },
            "dist": {
                "type": "zip",
                "url": "https://api.github.com/repos/php-fig/http-message/zipball/f6561bf28d520154e4b0ec72be95418abe6d9363",
                "reference": "f6561bf28d520154e4b0ec72be95418abe6d9363",
                "shasum": "",
                "mirrors": [
                    {
                        "url": "https://mirrors.aliyun.com/composer/dists/%package%/%reference%.%type%",
                        "preferred": true
                    }
                ]
            },
            "require": {
                "php": ">=5.3.0"
            },
            "type": "library",
            "extra": {
                "branch-alias": {
                    "dev-master": "1.0.x-dev"
                }
            },
            "autoload": {
                "psr-4": {
                    "Psr\\Http\\Message\\": "src/"
                }
            },
            "notification-url": "https://packagist.org/downloads/",
            "license": [
                "MIT"
            ],
            "authors": [
                {
                    "name": "PHP-FIG",
                    "homepage": "http://www.php-fig.org/"
                }
            ],
            "description": "Common interface for HTTP messages",
            "homepage": "https://github.com/php-fig/http-message",
            "keywords": [
                "http",
                "http-message",
                "psr",
                "psr-7",
                "request",
                "response"
            ],
            "time": "2016-08-06T14:39:51+00:00"
        },
        {
            "name": "psr/log",
            "version": "1.1.3",
            "source": {
                "type": "git",
                "url": "https://github.com/php-fig/log.git",
                "reference": "0f73288fd15629204f9d42b7055f72dacbe811fc"
            },
            "dist": {
                "type": "zip",
                "url": "https://api.github.com/repos/php-fig/log/zipball/0f73288fd15629204f9d42b7055f72dacbe811fc",
                "reference": "0f73288fd15629204f9d42b7055f72dacbe811fc",
                "shasum": "",
                "mirrors": [
                    {
                        "url": "https://mirrors.aliyun.com/composer/dists/%package%/%reference%.%type%",
                        "preferred": true
                    }
                ]
            },
            "require": {
                "php": ">=5.3.0"
            },
            "type": "library",
            "extra": {
                "branch-alias": {
                    "dev-master": "1.1.x-dev"
                }
            },
            "autoload": {
                "psr-4": {
                    "Psr\\Log\\": "Psr/Log/"
                }
            },
            "notification-url": "https://packagist.org/downloads/",
            "license": [
                "MIT"
            ],
            "authors": [
                {
                    "name": "PHP-FIG",
                    "homepage": "http://www.php-fig.org/"
                }
            ],
            "description": "Common interface for logging libraries",
            "homepage": "https://github.com/php-fig/log",
            "keywords": [
                "log",
                "psr",
                "psr-3"
            ],
            "time": "2020-03-23T09:12:05+00:00"
        },
        {
            "name": "symfony/options-resolver",
            "version": "v4.4.19",
            "source": {
                "type": "git",
                "url": "https://github.com/symfony/options-resolver.git",
                "reference": "cd8c6a2778d5f8b5e8fc4b7abdf126790b5d5095"
            },
            "dist": {
                "type": "zip",
                "url": "https://api.github.com/repos/symfony/options-resolver/zipball/cd8c6a2778d5f8b5e8fc4b7abdf126790b5d5095",
                "reference": "cd8c6a2778d5f8b5e8fc4b7abdf126790b5d5095",
                "shasum": "",
                "mirrors": [
                    {
                        "url": "https://mirrors.aliyun.com/composer/dists/%package%/%reference%.%type%",
                        "preferred": true
                    }
                ]
            },
            "require": {
                "php": ">=7.1.3"
            },
            "type": "library",
            "autoload": {
                "psr-4": {
                    "Symfony\\Component\\OptionsResolver\\": ""
                },
                "exclude-from-classmap": [
                    "/Tests/"
                ]
            },
            "notification-url": "https://packagist.org/downloads/",
            "license": [
                "MIT"
            ],
            "authors": [
                {
                    "name": "Fabien Potencier",
                    "email": "fabien@symfony.com"
                },
                {
                    "name": "Symfony Community",
                    "homepage": "https://symfony.com/contributors"
                }
            ],
            "description": "Provides an improved replacement for the array_replace PHP function",
            "homepage": "https://symfony.com",
            "keywords": [
                "config",
                "configuration",
                "options"
            ],
            "funding": [
                {
                    "url": "https://symfony.com/sponsor",
                    "type": "custom"
                },
                {
                    "url": "https://github.com/fabpot",
                    "type": "github"
                },
                {
                    "url": "https://tidelift.com/funding/github/packagist/symfony/symfony",
                    "type": "tidelift"
                }
            ],
            "time": "2021-01-27T09:09:26+00:00"
        },
        {
            "name": "symfony/polyfill-mbstring",
            "version": "v1.22.0",
            "source": {
                "type": "git",
                "url": "https://github.com/symfony/polyfill-mbstring.git",
                "reference": "f377a3dd1fde44d37b9831d68dc8dea3ffd28e13"
            },
            "dist": {
                "type": "zip",
                "url": "https://api.github.com/repos/symfony/polyfill-mbstring/zipball/f377a3dd1fde44d37b9831d68dc8dea3ffd28e13",
                "reference": "f377a3dd1fde44d37b9831d68dc8dea3ffd28e13",
                "shasum": "",
                "mirrors": [
                    {
                        "url": "https://mirrors.aliyun.com/composer/dists/%package%/%reference%.%type%",
                        "preferred": true
                    }
                ]
            },
            "require": {
                "php": ">=7.1"
            },
            "suggest": {
                "ext-mbstring": "For best performance"
            },
            "type": "library",
            "extra": {
                "branch-alias": {
                    "dev-main": "1.22-dev"
                },
                "thanks": {
                    "name": "symfony/polyfill",
                    "url": "https://github.com/symfony/polyfill"
                }
            },
            "autoload": {
                "psr-4": {
                    "Symfony\\Polyfill\\Mbstring\\": ""
                },
                "files": [
                    "bootstrap.php"
                ]
            },
            "notification-url": "https://packagist.org/downloads/",
            "license": [
                "MIT"
            ],
            "authors": [
                {
                    "name": "Nicolas Grekas",
                    "email": "p@tchwork.com"
                },
                {
                    "name": "Symfony Community",
                    "homepage": "https://symfony.com/contributors"
                }
            ],
            "description": "Symfony polyfill for the Mbstring extension",
            "homepage": "https://symfony.com",
            "keywords": [
                "compatibility",
                "mbstring",
                "polyfill",
                "portable",
                "shim"
            ],
            "funding": [
                {
                    "url": "https://symfony.com/sponsor",
                    "type": "custom"
                },
                {
                    "url": "https://github.com/fabpot",
                    "type": "github"
                },
                {
                    "url": "https://tidelift.com/funding/github/packagist/symfony/symfony",
                    "type": "tidelift"
                }
            ],
            "time": "2021-01-07T16:49:33+00:00"
        },
        {
            "name": "symfony/process",
            "version": "v4.4.19",
            "source": {
                "type": "git",
                "url": "https://github.com/symfony/process.git",
                "reference": "7e950b6366d4da90292c2e7fa820b3c1842b965a"
            },
            "dist": {
                "type": "zip",
                "url": "https://api.github.com/repos/symfony/process/zipball/7e950b6366d4da90292c2e7fa820b3c1842b965a",
                "reference": "7e950b6366d4da90292c2e7fa820b3c1842b965a",
                "shasum": "",
                "mirrors": [
                    {
                        "url": "https://mirrors.aliyun.com/composer/dists/%package%/%reference%.%type%",
                        "preferred": true
                    }
                ]
            },
            "require": {
                "php": ">=7.1.3"
            },
            "type": "library",
            "autoload": {
                "psr-4": {
                    "Symfony\\Component\\Process\\": ""
                },
                "exclude-from-classmap": [
                    "/Tests/"
                ]
            },
            "notification-url": "https://packagist.org/downloads/",
            "license": [
                "MIT"
            ],
            "authors": [
                {
                    "name": "Fabien Potencier",
                    "email": "fabien@symfony.com"
                },
                {
                    "name": "Symfony Community",
                    "homepage": "https://symfony.com/contributors"
                }
            ],
            "description": "Executes commands in sub-processes",
            "homepage": "https://symfony.com",
            "funding": [
                {
                    "url": "https://symfony.com/sponsor",
                    "type": "custom"
                },
                {
                    "url": "https://github.com/fabpot",
                    "type": "github"
                },
                {
                    "url": "https://tidelift.com/funding/github/packagist/symfony/symfony",
                    "type": "tidelift"
                }
            ],
            "time": "2021-01-27T09:09:26+00:00"
        },
        {
            "name": "toolkit/cli-utils",
            "version": "v1.2.3",
            "source": {
                "type": "git",
                "url": "https://github.com/php-toolkit/cli-utils.git",
                "reference": "bc5bc8ed22c613a44ec62afb523ac652309ac49c"
            },
            "dist": {
                "type": "zip",
                "url": "https://api.github.com/repos/php-toolkit/cli-utils/zipball/bc5bc8ed22c613a44ec62afb523ac652309ac49c",
                "reference": "bc5bc8ed22c613a44ec62afb523ac652309ac49c",
                "shasum": "",
                "mirrors": [
                    {
                        "url": "https://mirrors.aliyun.com/composer/dists/%package%/%reference%.%type%",
                        "preferred": true
                    }
                ]
            },
            "require": {
                "php": ">7.1.0"
            },
            "require-dev": {
                "phpunit/phpunit": "^7.5"
            },
            "suggest": {
                "inhere/console": "a lightweight php console application library."
            },
            "type": "library",
            "autoload": {
                "psr-4": {
                    "Toolkit\\Cli\\": "src/"
                }
            },
            "notification-url": "https://packagist.org/downloads/",
            "license": [
                "MIT"
            ],
            "authors": [
                {
                    "name": "inhere",
                    "email": "in.798@qq.com",
                    "homepage": "http://www.yzone.net/"
                }
            ],
            "description": "some cli tool library of the php",
            "homepage": "https://github.com/php-toolkit/cli-utils",
            "keywords": [
                "library",
                "php",
                "tool"
            ],
            "time": "2021-01-27T17:21:13+00:00"
        },
        {
            "name": "toolkit/stdlib",
            "version": "v1.0.10",
            "source": {
                "type": "git",
                "url": "https://github.com/php-toolkit/stdlib.git",
                "reference": "6c9bcdde0e62725f5ab2daa9f47baa040e6d2551"
            },
            "dist": {
                "type": "zip",
                "url": "https://api.github.com/repos/php-toolkit/stdlib/zipball/6c9bcdde0e62725f5ab2daa9f47baa040e6d2551",
                "reference": "6c9bcdde0e62725f5ab2daa9f47baa040e6d2551",
                "shasum": "",
                "mirrors": [
                    {
                        "url": "https://mirrors.aliyun.com/composer/dists/%package%/%reference%.%type%",
                        "preferred": true
                    }
                ]
            },
            "require": {
                "ext-mbstring": "*",
                "php": ">7.1.0"
            },
            "suggest": {
                "inhere/php-validate": "Very lightweight data validate tool"
            },
            "type": "library",
            "autoload": {
                "psr-4": {
                    "Toolkit\\Stdlib\\": "src/"
                },
                "files": [
                    "src/func.php"
                ]
            },
            "notification-url": "https://packagist.org/downloads/",
            "license": [
                "MIT"
            ],
            "authors": [
                {
                    "name": "inhere",
                    "email": "in.798@qq.com",
                    "homepage": "http://www.yzone.net/"
                }
            ],
            "description": "some stdlib tool library of the php",
            "homepage": "https://github.com/php-toolkit/stdlib",
            "keywords": [
                "array",
                "library",
                "object",
                "php",
                "string",
                "tool"
            ],
            "time": "2021-01-27T14:15:06+00:00"
        },
        {
            "name": "toolkit/sys-utils",
            "version": "v1.2.3",
            "source": {
                "type": "git",
                "url": "https://github.com/php-toolkit/sys-utils.git",
                "reference": "2fddcefb43383e80a749e38f75ff8f6fbe05301d"
            },
            "dist": {
                "type": "zip",
                "url": "https://api.github.com/repos/php-toolkit/sys-utils/zipball/2fddcefb43383e80a749e38f75ff8f6fbe05301d",
                "reference": "2fddcefb43383e80a749e38f75ff8f6fbe05301d",
                "shasum": "",
                "mirrors": [
                    {
                        "url": "https://mirrors.aliyun.com/composer/dists/%package%/%reference%.%type%",
                        "preferred": true
                    }
                ]
            },
            "require": {
                "php": ">7.1.0",
                "toolkit/stdlib": "~1.0"
            },
            "suggest": {
                "inhere/console": "a lightweight php console application library.",
                "inhere/php-validate": "Very lightweight data validate tool"
            },
            "type": "library",
            "autoload": {
                "psr-4": {
                    "Toolkit\\Sys\\": "src/"
                }
            },
            "notification-url": "https://packagist.org/downloads/",
            "license": [
                "MIT"
            ],
            "authors": [
                {
                    "name": "inhere",
                    "email": "in.798@qq.com",
                    "homepage": "http://www.yzone.net/"
                }
            ],
            "description": "some system tool library of the php",
            "homepage": "https://github.com/php-toolkit/sys-utils",
            "keywords": [
                "library",
                "php",
                "tool"
            ],
            "time": "2021-01-23T16:11:58+00:00"
        },
        {
            "name": "ulue/phpgit",
            "version": "dev-master",
            "source": {
                "type": "git",
                "url": "https://github.com/ulue/phpgit.git",
                "reference": "de87951ec059c7d617a87833fff0affd27a28109"
            },
            "require": {
                "php": ">7.1.0",
                "symfony/options-resolver": "~4.0",
                "symfony/process": "~4.0",
                "toolkit/cli-utils": "~1.0",
                "toolkit/stdlib": "~1.0"
            },
            "require-dev": {
                "symfony/filesystem": "~4.0"
            },
            "type": "library",
            "extra": {
                "branch-alias": {
                    "dev-master": "1.0.x-dev"
                }
            },
            "autoload": {
                "psr-4": {
                    "PhpGit\\": "src"
                }
            },
            "license": [
                "MIT"
            ],
            "authors": [
                {
                    "name": "inhere",
                    "email": "in.798@qq.com"
                },
                {
                    "name": "Kazuyuki Hayashi",
                    "email": "hayashi@valnur.net"
                }
            ],
            "description": "A Git wrapper for PHP 7.1+",
            "homepage": "https://github/ulue/phpgit.git",
            "time": "2021-01-28T14:49:07+00:00"
        }
    ],
    "packages-dev": [],
    "aliases": [],
    "minimum-stability": "stable",
    "stability-flags": {
        "inhere/console": 20,
        "inhere/sroute": 20,
        "php-comp/http-client": 20,
        "ulue/phpgit": 20
    },
    "prefer-stable": false,
    "prefer-lowest": false,
    "platform": {
        "php": ">7.2.0",
        "ext-json": "*",
        "ext-mbstring": "*"
    },
    "platform-dev": [],
    "plugin-api-version": "1.1.0"
}
